
Microsoft Visual Studio Solution File, Format Version 12.00
# Visual Studio Version 16
VisualStudioVersion = 16.0.31515.178
MinimumVisualStudioVersion = 10.0.40219.1
Project("{FAE04EC0-301F-11D3-BF4B-00C04F79EFBC}") = "login_reg", "login_reg\login_reg.csproj", "{8CE232FC-97E6-40E5-9F9B-B18A14C44E35}"
EndProject
Project("{54435603-DBB4-11D2-8724-00A0C9A8B90C}") = "Bangalir Khaber", "Bangalir Khaber\Bangalir Khaber.vdproj", "{D1AC3364-0C6D-45ED-AD4E-45C39D49878C}"
EndProject
Global
	GlobalSection(SolutionConfigurationPlatforms) = preSolution
		Debug|Any CPU = Debug|Any CPU
		Release|Any CPU = Release|Any CPU
	EndGlobalSection
	GlobalSection(ProjectConfigurationPlatforms) = postSolution
		{8CE232FC-97E6-40E5-9F9B-B18A14C44E35}.Debug|Any CPU.ActiveCfg = Debug|Any CPU
		{8CE232FC-97E6-40E5-9F9B-B18A14C44E35}.Debug|Any CPU.Build.0 = Debug|Any CPU
		{8CE232FC-97E6-40E5-9F9B-B18A14C44E35}.Release|Any CPU.ActiveCfg = Release|Any CPU
		{8CE232FC-97E6-40E5-9F9B-B18A14C44E35}.Release|Any CPU.Build.0 = Release|Any CPU
		{D1AC3364-0C6D-45ED-AD4E-45C39D49878C}.Debug|Any CPU.ActiveCfg = Debug
		{D1AC3364-0C6D-45ED-AD4E-45C39D49878C}.Release|Any CPU.ActiveCfg = Release
	EndGlobalSection
	GlobalSection(SolutionProperties) = preSolution
		HideSolutionNode = FALSE
	EndGlobalSection
	GlobalSection(ExtensibilityGlobals) = postSolution
		SolutionGuid = {7833416D-010F-44BB-8C2F-ED201D3BC309}
	EndGlobalSection
EndGlobal
